{
  "name": "hangul-typing",
  "version": "0.1.0",
  "lockfileVersion": 3,
  "requires": true,
  "packages": {
    "": {
      "name": "hangul-typing",
      "version": "0.1.0",
      "devDependencies": {
        "@fontsource/ibm-plex-mono": "^5.2.7",
        "@fontsource/ibm-plex-sans": "^5.2.8",
        "@fontsource/ibm-plex-serif": "^5.2.7",
        "@fontsource/nanum-gothic": "^5.2.7",
        "@fontsource/noto-sans-kr": "^5.2.9"
      }
    },
    "node_modules/@fontsource/ibm-plex-mono": {
      "version": "5.2.7",
      "dev": true,
      "license": "OFL-1.1",
      "funding": {
        "url": "https://github.com/sponsors/ayuhito"
      }
    },
    "node_modules/@fontsource/ibm-plex-sans": {
      "version": "5.2.8",
      "dev": true,
      "license": "OFL-1.1",
      "funding": {
        "url": "https://github.com/sponsors/ayuhito"
      }
    },
    "node_modules/@fontsource/ibm-plex-serif": {
      "version": "5.2.7",
      "dev": true,
      "license": "OFL-1.1",
      "funding": {
        "url": "https://github.com/sponsors/ayuhito"
      }
    },
    "node_modules/@fontsource/nanum-gothic": {
      "version": "5.2.7",
      "resolved": "https://registry.npmjs.org/@fontsource/nanum-gothic/-/nanum-gothic-5.2.7.tgz",
      "integrity": "sha512-pJB8vp5c3XLN/pBNvlinivGBxZZkSBS4DpuGht3rOmdmOvvzNf4HUyaIINHRfZmsoCse+QXWGXamNf9JRdMLeg==",
      "dev": true,
      "license": "OFL-1.1",
      "funding": {
        "url": "https://github.com/sponsors/ayuhito"
      }
    },
    "node_modules/@fontsource/noto-sans-kr": {
      "version": "5.2.9",
      "resolved": "https://registry.npmjs.org/@fontsource/noto-sans-kr/-/noto-sans-kr-5.2.9.tgz",
      "integrity": "sha512-pbF8F0rUzKkDmnk/KYGAbxjgW4TrIHdFKnV6OQ+kUC9ELCn5utrAURcEgMqq3J9SRX+FvjOz+aBCmfcC8/r7cw==",
      "dev": true,
      "license": "OFL-1.1",
      "funding": {
        "url": "https://github.com/sponsors/ayuhito"
      }
    }
  }
}
